
Microsoft Visual Studio Solution File, Format Version 12.00
# Visual Studio Version 17
VisualStudioVersion = 17.14.36518.9
MinimumVisualStudioVersion = 10.0.40219.1
Project("{2150E333-8FDC-42A3-9474-1A3956D46DE8}") = "Task0", "Task0", "{36D591C7-65C7-A0D1-1CBC-10CDE441BDC8}"
EndProject
Project("{FAE04EC0-301F-11D3-BF4B-00C04F79EFBC}") = "Tyuiu.VyazovES.Sprint1.Task0.V18", "Tyuiu.VyazovES.Sprint1.Task0.V18\Tyuiu.VyazovES.Sprint1.Task0.V18.csproj", "{EB6D7406-00E0-4E20-A9A2-CE65A2BFEA82}"
EndProject
Project("{FAE04EC0-301F-11D3-BF4B-00C04F79EFBC}") = "Tyuiu.VyazovES.Sprint1.Task0.V18.Lib", "Tyuiu.VyazovES.Sprint1.Task0.V18.Lib\Tyuiu.VyazovES.Sprint1.Task0.V18.Lib.csproj", "{753A5BBF-7BDB-441F-874A-7CFF9A2A00A1}"
EndProject
Project("{FAE04EC0-301F-11D3-BF4B-00C04F79EFBC}") = "Tyuiu.VyazovES.Sprint1.Task0.V18.Test", "Tyuiu.VyazovES.Sprint1.Task0.V18.Test\Tyuiu.VyazovES.Sprint1.Task0.V18.Test.csproj", "{3F45E27B-D764-4B68-B6FA-8427066A6088}"
EndProject
Project("{2150E333-8FDC-42A3-9474-1A3956D46DE8}") = "Task1", "Task1", "{224C79DC-1B5B-41AA-B8D3-0042626C16F5}"
EndProject
Project("{FAE04EC0-301F-11D3-BF4B-00C04F79EFBC}") = "Tyuiu.VyazovES.Sprint1.Task1.V23", "Tyuiu.VyazovES.Sprint1.Task1.V23\Tyuiu.VyazovES.Sprint1.Task1.V23.csproj", "{ED708D96-E7F1-4B59-932F-D906850DC053}"
EndProject
Project("{FAE04EC0-301F-11D3-BF4B-00C04F79EFBC}") = "Tyuiu.VyazovES.Sprint1.Task1.V23.Test", "Tyuiu.VyazovES.Sprint1.Task1.V23.Test\Tyuiu.VyazovES.Sprint1.Task1.V23.Test.csproj", "{5BAF1806-F171-4D90-AB9F-17131B5FE0E9}"
EndProject
Project("{FAE04EC0-301F-11D3-BF4B-00C04F79EFBC}") = "Tyuiu.VyazovES.Sprint1.Task1.V23.Lib", "Tyuiu.VyazovES.Sprint1.Task1.V23.Lib\Tyuiu.VyazovES.Sprint1.Task1.V23.Lib.csproj", "{390951D0-EEC8-4111-9406-8BCD8146AE6E}"
EndProject
Project("{2150E333-8FDC-42A3-9474-1A3956D46DE8}") = "Task2", "Task2", "{0E32A76D-5D1D-4DE1-B458-0043DEF81622}"
EndProject
Project("{FAE04EC0-301F-11D3-BF4B-00C04F79EFBC}") = "Tyuiu.VyazovES.Sprint1.Task2.V14", "Tyuiu.VyazovES.Sprint1.Task2.V14\Tyuiu.VyazovES.Sprint1.Task2.V14.csproj", "{FEC2BDDB-822A-4145-957E-68CEA4FFF599}"
EndProject
Project("{FAE04EC0-301F-11D3-BF4B-00C04F79EFBC}") = "Tyuiu.VyazovES.Sprint1.Task2.V14.Lib", "Tyuiu.VyazovES.Sprint1.Task2.V14.Lib\Tyuiu.VyazovES.Sprint1.Task2.V14.Lib.csproj", "{EBE76833-85C1-4212-AE79-C227EBDB8377}"
EndProject
Project("{FAE04EC0-301F-11D3-BF4B-00C04F79EFBC}") = "Tyuiu.VyazovES.Sprint1.Task2.V14.Test", "Tyuiu.VyazovES.Sprint1.Task2.V14.Test\Tyuiu.VyazovES.Sprint1.Task2.V14.Test.csproj", "{5A93BE35-6F58-46D9-AC51-397C83301BFD}"
EndProject
Project("{2150E333-8FDC-42A3-9474-1A3956D46DE8}") = "Task3", "Task3", "{1BE8B7CE-355F-458C-993D-59E88E3EF621}"
EndProject
Project("{FAE04EC0-301F-11D3-BF4B-00C04F79EFBC}") = "Tyuiu.VyazovES.Sprint1.Task3.V13", "Tyuiu.VyazovES.Sprint1.Task3.V13\Tyuiu.VyazovES.Sprint1.Task3.V13.csproj", "{267A4FB7-88D4-414A-B839-77DF185BDA6B}"
EndProject
Project("{FAE04EC0-301F-11D3-BF4B-00C04F79EFBC}") = "Tyuiu.VyazovES.Sprint1.Task3.V13.Lib", "Tyuiu.VyazovES.Sprint1.Task3.V13.Lib\Tyuiu.VyazovES.Sprint1.Task3.V13.Lib.csproj", "{0AD285A1-933E-4D8B-830F-13EC13AAEAD6}"
EndProject
Project("{FAE04EC0-301F-11D3-BF4B-00C04F79EFBC}") = "Tyuiu.VyazovES.Sprint1.Task3.V13.Test", "Tyuiu.VyazovES.Sprint1.Task3.V13.Test\Tyuiu.VyazovES.Sprint1.Task3.V13.Test.csproj", "{62A656FF-CCA2-45F4-B3C7-E6F5A57E938A}"
EndProject
Global
	GlobalSection(SolutionConfigurationPlatforms) = preSolution
		Debug|Any CPU = Debug|Any CPU
		Release|Any CPU = Release|Any CPU
	EndGlobalSection
	GlobalSection(ProjectConfigurationPlatforms) = postSolution
		{EB6D7406-00E0-4E20-A9A2-CE65A2BFEA82}.Debug|Any CPU.ActiveCfg = Debug|Any CPU
		{EB6D7406-00E0-4E20-A9A2-CE65A2BFEA82}.Debug|Any CPU.Build.0 = Debug|Any CPU
		{EB6D7406-00E0-4E20-A9A2-CE65A2BFEA82}.Release|Any CPU.ActiveCfg = Release|Any CPU
		{EB6D7406-00E0-4E20-A9A2-CE65A2BFEA82}.Release|Any CPU.Build.0 = Release|Any CPU
		{753A5BBF-7BDB-441F-874A-7CFF9A2A00A1}.Debug|Any CPU.ActiveCfg = Debug|Any CPU
		{753A5BBF-7BDB-441F-874A-7CFF9A2A00A1}.Debug|Any CPU.Build.0 = Debug|Any CPU
		{753A5BBF-7BDB-441F-874A-7CFF9A2A00A1}.Release|Any CPU.ActiveCfg = Release|Any CPU
		{753A5BBF-7BDB-441F-874A-7CFF9A2A00A1}.Release|Any CPU.Build.0 = Release|Any CPU
		{3F45E27B-D764-4B68-B6FA-8427066A6088}.Debug|Any CPU.ActiveCfg = Debug|Any CPU
		{3F45E27B-D764-4B68-B6FA-8427066A6088}.Debug|Any CPU.Build.0 = Debug|Any CPU
		{3F45E27B-D764-4B68-B6FA-8427066A6088}.Release|Any CPU.ActiveCfg = Release|Any CPU
		{3F45E27B-D764-4B68-B6FA-8427066A6088}.Release|Any CPU.Build.0 = Release|Any CPU
		{ED708D96-E7F1-4B59-932F-D906850DC053}.Debug|Any CPU.ActiveCfg = Debug|Any CPU
		{ED708D96-E7F1-4B59-932F-D906850DC053}.Debug|Any CPU.Build.0 = Debug|Any CPU
		{ED708D96-E7F1-4B59-932F-D906850DC053}.Release|Any CPU.ActiveCfg = Release|Any CPU
		{ED708D96-E7F1-4B59-932F-D906850DC053}.Release|Any CPU.Build.0 = Release|Any CPU
		{5BAF1806-F171-4D90-AB9F-17131B5FE0E9}.Debug|Any CPU.ActiveCfg = Debug|Any CPU
		{5BAF1806-F171-4D90-AB9F-17131B5FE0E9}.Debug|Any CPU.Build.0 = Debug|Any CPU
		{5BAF1806-F171-4D90-AB9F-17131B5FE0E9}.Release|Any CPU.ActiveCfg = Release|Any CPU
		{5BAF1806-F171-4D90-AB9F-17131B5FE0E9}.Release|Any CPU.Build.0 = Release|Any CPU
		{390951D0-EEC8-4111-9406-8BCD8146AE6E}.Debug|Any CPU.ActiveCfg = Debug|Any CPU
		{390951D0-EEC8-4111-9406-8BCD8146AE6E}.Debug|Any CPU.Build.0 = Debug|Any CPU
		{390951D0-EEC8-4111-9406-8BCD8146AE6E}.Release|Any CPU.ActiveCfg = Release|Any CPU
		{390951D0-EEC8-4111-9406-8BCD8146AE6E}.Release|Any CPU.Build.0 = Release|Any CPU
		{FEC2BDDB-822A-4145-957E-68CEA4FFF599}.Debug|Any CPU.ActiveCfg = Debug|Any CPU
		{FEC2BDDB-822A-4145-957E-68CEA4FFF599}.Debug|Any CPU.Build.0 = Debug|Any CPU
		{FEC2BDDB-822A-4145-957E-68CEA4FFF599}.Release|Any CPU.ActiveCfg = Release|Any CPU
		{FEC2BDDB-822A-4145-957E-68CEA4FFF599}.Release|Any CPU.Build.0 = Release|Any CPU
		{EBE76833-85C1-4212-AE79-C227EBDB8377}.Debug|Any CPU.ActiveCfg = Debug|Any CPU
		{EBE76833-85C1-4212-AE79-C227EBDB8377}.Debug|Any CPU.Build.0 = Debug|Any CPU
		{EBE76833-85C1-4212-AE79-C227EBDB8377}.Release|Any CPU.ActiveCfg = Release|Any CPU
		{EBE76833-85C1-4212-AE79-C227EBDB8377}.Release|Any CPU.Build.0 = Release|Any CPU
		{5A93BE35-6F58-46D9-AC51-397C83301BFD}.Debug|Any CPU.ActiveCfg = Debug|Any CPU
		{5A93BE35-6F58-46D9-AC51-397C83301BFD}.Debug|Any CPU.Build.0 = Debug|Any CPU
		{5A93BE35-6F58-46D9-AC51-397C83301BFD}.Release|Any CPU.ActiveCfg = Release|Any CPU
		{5A93BE35-6F58-46D9-AC51-397C83301BFD}.Release|Any CPU.Build.0 = Release|Any CPU
		{267A4FB7-88D4-414A-B839-77DF185BDA6B}.Debug|Any CPU.ActiveCfg = Debug|Any CPU
		{267A4FB7-88D4-414A-B839-77DF185BDA6B}.Debug|Any CPU.Build.0 = Debug|Any CPU
		{267A4FB7-88D4-414A-B839-77DF185BDA6B}.Release|Any CPU.ActiveCfg = Release|Any CPU
		{267A4FB7-88D4-414A-B839-77DF185BDA6B}.Release|Any CPU.Build.0 = Release|Any CPU
		{0AD285A1-933E-4D8B-830F-13EC13AAEAD6}.Debug|Any CPU.ActiveCfg = Debug|Any CPU
		{0AD285A1-933E-4D8B-830F-13EC13AAEAD6}.Debug|Any CPU.Build.0 = Debug|Any CPU
		{0AD285A1-933E-4D8B-830F-13EC13AAEAD6}.Release|Any CPU.ActiveCfg = Release|Any CPU
		{0AD285A1-933E-4D8B-830F-13EC13AAEAD6}.Release|Any CPU.Build.0 = Release|Any CPU
		{62A656FF-CCA2-45F4-B3C7-E6F5A57E938A}.Debug|Any CPU.ActiveCfg = Debug|Any CPU
		{62A656FF-CCA2-45F4-B3C7-E6F5A57E938A}.Debug|Any CPU.Build.0 = Debug|Any CPU
		{62A656FF-CCA2-45F4-B3C7-E6F5A57E938A}.Release|Any CPU.ActiveCfg = Release|Any CPU
		{62A656FF-CCA2-45F4-B3C7-E6F5A57E938A}.Release|Any CPU.Build.0 = Release|Any CPU
	EndGlobalSection
	GlobalSection(SolutionProperties) = preSolution
		HideSolutionNode = FALSE
	EndGlobalSection
	GlobalSection(NestedProjects) = preSolution
		{EB6D7406-00E0-4E20-A9A2-CE65A2BFEA82} = {36D591C7-65C7-A0D1-1CBC-10CDE441BDC8}
		{753A5BBF-7BDB-441F-874A-7CFF9A2A00A1} = {36D591C7-65C7-A0D1-1CBC-10CDE441BDC8}
		{3F45E27B-D764-4B68-B6FA-8427066A6088} = {36D591C7-65C7-A0D1-1CBC-10CDE441BDC8}
		{ED708D96-E7F1-4B59-932F-D906850DC053} = {224C79DC-1B5B-41AA-B8D3-0042626C16F5}
		{5BAF1806-F171-4D90-AB9F-17131B5FE0E9} = {224C79DC-1B5B-41AA-B8D3-0042626C16F5}
		{390951D0-EEC8-4111-9406-8BCD8146AE6E} = {224C79DC-1B5B-41AA-B8D3-0042626C16F5}
		{FEC2BDDB-822A-4145-957E-68CEA4FFF599} = {0E32A76D-5D1D-4DE1-B458-0043DEF81622}
		{EBE76833-85C1-4212-AE79-C227EBDB8377} = {0E32A76D-5D1D-4DE1-B458-0043DEF81622}
		{5A93BE35-6F58-46D9-AC51-397C83301BFD} = {0E32A76D-5D1D-4DE1-B458-0043DEF81622}
		{267A4FB7-88D4-414A-B839-77DF185BDA6B} = {1BE8B7CE-355F-458C-993D-59E88E3EF621}
		{0AD285A1-933E-4D8B-830F-13EC13AAEAD6} = {1BE8B7CE-355F-458C-993D-59E88E3EF621}
		{62A656FF-CCA2-45F4-B3C7-E6F5A57E938A} = {1BE8B7CE-355F-458C-993D-59E88E3EF621}
	EndGlobalSection
	GlobalSection(ExtensibilityGlobals) = postSolution
		SolutionGuid = {6FB429D3-9D7F-43FF-8A89-FF6BA90642C5}
	EndGlobalSection
EndGlobal
