
Microsoft Visual Studio Solution File, Format Version 12.00
# Visual Studio Version 17
VisualStudioVersion = 17.14.36518.9
MinimumVisualStudioVersion = 10.0.40219.1
Project("{2150E333-8FDC-42A3-9474-1A3956D46DE8}") = "Task0", "Task0", "{36D591C7-65C7-A0D1-1CBC-10CDE441BDC8}"
EndProject
Project("{FAE04EC0-301F-11D3-BF4B-00C04F79EFBC}") = "Tyuiu.VyazovES.Sprint1.Task0.V18", "Tyuiu.VyazovES.Sprint1.Task0.V18\Tyuiu.VyazovES.Sprint1.Task0.V18.csproj", "{EB6D7406-00E0-4E20-A9A2-CE65A2BFEA82}"
EndProject
Project("{FAE04EC0-301F-11D3-BF4B-00C04F79EFBC}") = "Tyuiu.VyazovES.Sprint1.Task0.V18.Lib", "Tyuiu.VyazovES.Sprint1.Task0.V18.Lib\Tyuiu.VyazovES.Sprint1.Task0.V18.Lib.csproj", "{753A5BBF-7BDB-441F-874A-7CFF9A2A00A1}"
EndProject
Project("{FAE04EC0-301F-11D3-BF4B-00C04F79EFBC}") = "Tyuiu.VyazovES.Sprint1.Task0.V18.Test", "Tyuiu.VyazovES.Sprint1.Task0.V18.Test\Tyuiu.VyazovES.Sprint1.Task0.V18.Test.csproj", "{3F45E27B-D764-4B68-B6FA-8427066A6088}"
EndProject
Project("{2150E333-8FDC-42A3-9474-1A3956D46DE8}") = "Task1", "Task1", "{224C79DC-1B5B-41AA-B8D3-0042626C16F5}"
EndProject
Project("{FAE04EC0-301F-11D3-BF4B-00C04F79EFBC}") = "Tyuiu.VyazovES.Sprint1.Task1.V23", "Tyuiu.VyazovES.Sprint1.Task1.V23\Tyuiu.VyazovES.Sprint1.Task1.V23.csproj", "{ED708D96-E7F1-4B59-932F-D906850DC053}"
EndProject
Project("{FAE04EC0-301F-11D3-BF4B-00C04F79EFBC}") = "Tyuiu.VyazovES.Sprint1.Task1.V23.Test", "Tyuiu.VyazovES.Sprint1.Task1.V23.Test\Tyuiu.VyazovES.Sprint1.Task1.V23.Test.csproj", "{5BAF1806-F171-4D90-AB9F-17131B5FE0E9}"
EndProject
Project("{FAE04EC0-301F-11D3-BF4B-00C04F79EFBC}") = "Tyuiu.VyazovES.Sprint1.Task1.V23.Lib", "Tyuiu.VyazovES.Sprint1.Task1.V23.Lib\Tyuiu.VyazovES.Sprint1.Task1.V23.Lib.csproj", "{390951D0-EEC8-4111-9406-8BCD8146AE6E}"
EndProject
Project("{2150E333-8FDC-42A3-9474-1A3956D46DE8}") = "Task2", "Task2", "{0E32A76D-5D1D-4DE1-B458-0043DEF81622}"
EndProject
Project("{FAE04EC0-301F-11D3-BF4B-00C04F79EFBC}") = "Tyuiu.VyazovES.Sprint1.Task2.V14", "Tyuiu.VyazovES.Sprint1.Task2.V14\Tyuiu.VyazovES.Sprint1.Task2.V14.csproj", "{FEC2BDDB-822A-4145-957E-68CEA4FFF599}"
EndProject
Project("{FAE04EC0-301F-11D3-BF4B-00C04F79EFBC}") = "Tyuiu.VyazovES.Sprint1.Task2.V14.Lib", "Tyuiu.VyazovES.Sprint1.Task2.V14.Lib\Tyuiu.VyazovES.Sprint1.Task2.V14.Lib.csproj", "{EBE76833-85C1-4212-AE79-C227EBDB8377}"
EndProject
Project("{FAE04EC0-301F-11D3-BF4B-00C04F79EFBC}") = "Tyuiu.VyazovES.Sprint1.Task2.V14.Test", "Tyuiu.VyazovES.Sprint1.Task2.V14.Test\Tyuiu.VyazovES.Sprint1.Task2.V14.Test.csproj", "{5A93BE35-6F58-46D9-AC51-397C83301BFD}"
EndProject
Project("{2150E333-8FDC-42A3-9474-1A3956D46DE8}") = "Task3", "Task3", "{1BE8B7CE-355F-458C-993D-59E88E3EF621}"
EndProject
Project("{FAE04EC0-301F-11D3-BF4B-00C04F79EFBC}") = "Tyuiu.VyazovES.Sprint1.Task3.V13", "Tyuiu.VyazovES.Sprint1.Task3.V13\Tyuiu.VyazovES.Sprint1.Task3.V13.csproj", "{267A4FB7-88D4-414A-B839-77DF185BDA6B}"
EndProject
Project("{FAE04EC0-301F-11D3-BF4B-00C04F79EFBC}") = "Tyuiu.VyazovES.Sprint1.Task3.V13.Lib", "Tyuiu.VyazovES.Sprint1.Task3.V13.Lib\Tyuiu.VyazovES.Sprint1.Task3.V13.Lib.csproj", "{0AD285A1-933E-4D8B-830F-13EC13AAEAD6}"
EndProject
Project("{FAE04EC0-301F-11D3-BF4B-00C04F79EFBC}") = "Tyuiu.VyazovES.Sprint1.Task3.V13.Test", "Tyuiu.VyazovES.Sprint1.Task3.V13.Test\Tyuiu.VyazovES.Sprint1.Task3.V13.Test.csproj", "{62A656FF-CCA2-45F4-B3C7-E6F5A57E938A}"
EndProject
Project("{2150E333-8FDC-42A3-9474-1A3956D46DE8}") = "Task4", "Task4", "{F3FAE9D2-E598-4CA5-8643-C88FF41E38A9}"
EndProject
Project("{FAE04EC0-301F-11D3-BF4B-00C04F79EFBC}") = "Tyuiu.VyazovES.Sprint1.Task4.V29", "Tyuiu.VyazovES.Sprint1.Task4.V29\Tyuiu.VyazovES.Sprint1.Task4.V29.csproj", "{C3B16F56-3358-4873-A66D-142984C123A3}"
EndProject
Project("{FAE04EC0-301F-11D3-BF4B-00C04F79EFBC}") = "Tyuiu.VyazovES.Sprint1.Task4.V29.Lib", "Tyuiu.VyazovES.Sprint1.Task4.V29.Lib\Tyuiu.VyazovES.Sprint1.Task4.V29.Lib.csproj", "{DFECE4F8-FAEB-4FD8-AE17-C01009D302B1}"
EndProject
Project("{FAE04EC0-301F-11D3-BF4B-00C04F79EFBC}") = "Tyuiu.VyazovES.Sprint1.Task4.V29.Test", "Tyuiu.VyazovES.Sprint1.Task4.V29.Test\Tyuiu.VyazovES.Sprint1.Task4.V29.Test.csproj", "{F4AB8983-E31A-417A-A942-0EF1425918DA}"
EndProject
Project("{2150E333-8FDC-42A3-9474-1A3956D46DE8}") = "Task5", "Task5", "{54003100-D248-4DA6-AEDF-6AB4A8BD1B9C}"
EndProject
Project("{FAE04EC0-301F-11D3-BF4B-00C04F79EFBC}") = "Tyuiu.VyazovES.Sprint1.Task5.V6", "Tyuiu.VyazovES.Sprint1.Task5.V6\Tyuiu.VyazovES.Sprint1.Task5.V6.csproj", "{873B4EDD-0232-47E8-804D-F920C0C29273}"
EndProject
Project("{FAE04EC0-301F-11D3-BF4B-00C04F79EFBC}") = "Tyuiu.VyazovES.Sprint1.Task5.V6.Lib", "Tyuiu.VyazovES.Sprint1.Task5.V6.Lib\Tyuiu.VyazovES.Sprint1.Task5.V6.Lib.csproj", "{252C3FBB-9EF7-4E85-BEE7-A72A14D08505}"
EndProject
Project("{FAE04EC0-301F-11D3-BF4B-00C04F79EFBC}") = "Tyuiu.VyazovES.Sprint1.Task5.V6.Test", "Tyuiu.VyazovES.Sprint1.Task5.V6.Test\Tyuiu.VyazovES.Sprint1.Task5.V6.Test.csproj", "{358072B0-8E05-4B88-8118-DB6A58A1E806}"
EndProject
Project("{2150E333-8FDC-42A3-9474-1A3956D46DE8}") = "Task6", "Task6", "{174E57BB-A1C0-4B94-B601-2BB8649751A6}"
EndProject
Project("{FAE04EC0-301F-11D3-BF4B-00C04F79EFBC}") = "Tyuiu.VyazovES.Sprint1.Task6.V8", "Tyuiu.VyazovES.Sprint1.Task6.V8\Tyuiu.VyazovES.Sprint1.Task6.V8.csproj", "{1402D831-899E-4DFE-A737-B2CC230ADBB5}"
EndProject
Project("{FAE04EC0-301F-11D3-BF4B-00C04F79EFBC}") = "Tyuiu.VyazovES.Sprint1.Task6.V8.Lib", "Tyuiu.VyazovES.Sprint1.Task6.V8.Lib\Tyuiu.VyazovES.Sprint1.Task6.V8.Lib.csproj", "{0E5080AC-3745-4BF3-8A71-36162468D0BC}"
EndProject
Project("{FAE04EC0-301F-11D3-BF4B-00C04F79EFBC}") = "Tyuiu.VyazovES.Sprint1.Task6.V8.Test", "Tyuiu.VyazovES.Sprint1.Task6.V8.Test\Tyuiu.VyazovES.Sprint1.Task6.V8.Test.csproj", "{9B269B98-7FBA-4472-8FBD-E89C2435B2F4}"
EndProject
Global
	GlobalSection(SolutionConfigurationPlatforms) = preSolution
		Debug|Any CPU = Debug|Any CPU
		Release|Any CPU = Release|Any CPU
	EndGlobalSection
	GlobalSection(ProjectConfigurationPlatforms) = postSolution
		{EB6D7406-00E0-4E20-A9A2-CE65A2BFEA82}.Debug|Any CPU.ActiveCfg = Debug|Any CPU
		{EB6D7406-00E0-4E20-A9A2-CE65A2BFEA82}.Debug|Any CPU.Build.0 = Debug|Any CPU
		{EB6D7406-00E0-4E20-A9A2-CE65A2BFEA82}.Release|Any CPU.ActiveCfg = Release|Any CPU
		{EB6D7406-00E0-4E20-A9A2-CE65A2BFEA82}.Release|Any CPU.Build.0 = Release|Any CPU
		{753A5BBF-7BDB-441F-874A-7CFF9A2A00A1}.Debug|Any CPU.ActiveCfg = Debug|Any CPU
		{753A5BBF-7BDB-441F-874A-7CFF9A2A00A1}.Debug|Any CPU.Build.0 = Debug|Any CPU
		{753A5BBF-7BDB-441F-874A-7CFF9A2A00A1}.Release|Any CPU.ActiveCfg = Release|Any CPU
		{753A5BBF-7BDB-441F-874A-7CFF9A2A00A1}.Release|Any CPU.Build.0 = Release|Any CPU
		{3F45E27B-D764-4B68-B6FA-8427066A6088}.Debug|Any CPU.ActiveCfg = Debug|Any CPU
		{3F45E27B-D764-4B68-B6FA-8427066A6088}.Debug|Any CPU.Build.0 = Debug|Any CPU
		{3F45E27B-D764-4B68-B6FA-8427066A6088}.Release|Any CPU.ActiveCfg = Release|Any CPU
		{3F45E27B-D764-4B68-B6FA-8427066A6088}.Release|Any CPU.Build.0 = Release|Any CPU
		{ED708D96-E7F1-4B59-932F-D906850DC053}.Debug|Any CPU.ActiveCfg = Debug|Any CPU
		{ED708D96-E7F1-4B59-932F-D906850DC053}.Debug|Any CPU.Build.0 = Debug|Any CPU
		{ED708D96-E7F1-4B59-932F-D906850DC053}.Release|Any CPU.ActiveCfg = Release|Any CPU
		{ED708D96-E7F1-4B59-932F-D906850DC053}.Release|Any CPU.Build.0 = Release|Any CPU
		{5BAF1806-F171-4D90-AB9F-17131B5FE0E9}.Debug|Any CPU.ActiveCfg = Debug|Any CPU
		{5BAF1806-F171-4D90-AB9F-17131B5FE0E9}.Debug|Any CPU.Build.0 = Debug|Any CPU
		{5BAF1806-F171-4D90-AB9F-17131B5FE0E9}.Release|Any CPU.ActiveCfg = Release|Any CPU
		{5BAF1806-F171-4D90-AB9F-17131B5FE0E9}.Release|Any CPU.Build.0 = Release|Any CPU
		{390951D0-EEC8-4111-9406-8BCD8146AE6E}.Debug|Any CPU.ActiveCfg = Debug|Any CPU
		{390951D0-EEC8-4111-9406-8BCD8146AE6E}.Debug|Any CPU.Build.0 = Debug|Any CPU
		{390951D0-EEC8-4111-9406-8BCD8146AE6E}.Release|Any CPU.ActiveCfg = Release|Any CPU
		{390951D0-EEC8-4111-9406-8BCD8146AE6E}.Release|Any CPU.Build.0 = Release|Any CPU
		{FEC2BDDB-822A-4145-957E-68CEA4FFF599}.Debug|Any CPU.ActiveCfg = Debug|Any CPU
		{FEC2BDDB-822A-4145-957E-68CEA4FFF599}.Debug|Any CPU.Build.0 = Debug|Any CPU
		{FEC2BDDB-822A-4145-957E-68CEA4FFF599}.Release|Any CPU.ActiveCfg = Release|Any CPU
		{FEC2BDDB-822A-4145-957E-68CEA4FFF599}.Release|Any CPU.Build.0 = Release|Any CPU
		{EBE76833-85C1-4212-AE79-C227EBDB8377}.Debug|Any CPU.ActiveCfg = Debug|Any CPU
		{EBE76833-85C1-4212-AE79-C227EBDB8377}.Debug|Any CPU.Build.0 = Debug|Any CPU
		{EBE76833-85C1-4212-AE79-C227EBDB8377}.Release|Any CPU.ActiveCfg = Release|Any CPU
		{EBE76833-85C1-4212-AE79-C227EBDB8377}.Release|Any CPU.Build.0 = Release|Any CPU
		{5A93BE35-6F58-46D9-AC51-397C83301BFD}.Debug|Any CPU.ActiveCfg = Debug|Any CPU
		{5A93BE35-6F58-46D9-AC51-397C83301BFD}.Debug|Any CPU.Build.0 = Debug|Any CPU
		{5A93BE35-6F58-46D9-AC51-397C83301BFD}.Release|Any CPU.ActiveCfg = Release|Any CPU
		{5A93BE35-6F58-46D9-AC51-397C83301BFD}.Release|Any CPU.Build.0 = Release|Any CPU
		{267A4FB7-88D4-414A-B839-77DF185BDA6B}.Debug|Any CPU.ActiveCfg = Debug|Any CPU
		{267A4FB7-88D4-414A-B839-77DF185BDA6B}.Debug|Any CPU.Build.0 = Debug|Any CPU
		{267A4FB7-88D4-414A-B839-77DF185BDA6B}.Release|Any CPU.ActiveCfg = Release|Any CPU
		{267A4FB7-88D4-414A-B839-77DF185BDA6B}.Release|Any CPU.Build.0 = Release|Any CPU
		{0AD285A1-933E-4D8B-830F-13EC13AAEAD6}.Debug|Any CPU.ActiveCfg = Debug|Any CPU
		{0AD285A1-933E-4D8B-830F-13EC13AAEAD6}.Debug|Any CPU.Build.0 = Debug|Any CPU
		{0AD285A1-933E-4D8B-830F-13EC13AAEAD6}.Release|Any CPU.ActiveCfg = Release|Any CPU
		{0AD285A1-933E-4D8B-830F-13EC13AAEAD6}.Release|Any CPU.Build.0 = Release|Any CPU
		{62A656FF-CCA2-45F4-B3C7-E6F5A57E938A}.Debug|Any CPU.ActiveCfg = Debug|Any CPU
		{62A656FF-CCA2-45F4-B3C7-E6F5A57E938A}.Debug|Any CPU.Build.0 = Debug|Any CPU
		{62A656FF-CCA2-45F4-B3C7-E6F5A57E938A}.Release|Any CPU.ActiveCfg = Release|Any CPU
		{62A656FF-CCA2-45F4-B3C7-E6F5A57E938A}.Release|Any CPU.Build.0 = Release|Any CPU
		{C3B16F56-3358-4873-A66D-142984C123A3}.Debug|Any CPU.ActiveCfg = Debug|Any CPU
		{C3B16F56-3358-4873-A66D-142984C123A3}.Debug|Any CPU.Build.0 = Debug|Any CPU
		{C3B16F56-3358-4873-A66D-142984C123A3}.Release|Any CPU.ActiveCfg = Release|Any CPU
		{C3B16F56-3358-4873-A66D-142984C123A3}.Release|Any CPU.Build.0 = Release|Any CPU
		{DFECE4F8-FAEB-4FD8-AE17-C01009D302B1}.Debug|Any CPU.ActiveCfg = Debug|Any CPU
		{DFECE4F8-FAEB-4FD8-AE17-C01009D302B1}.Debug|Any CPU.Build.0 = Debug|Any CPU
		{DFECE4F8-FAEB-4FD8-AE17-C01009D302B1}.Release|Any CPU.ActiveCfg = Release|Any CPU
		{DFECE4F8-FAEB-4FD8-AE17-C01009D302B1}.Release|Any CPU.Build.0 = Release|Any CPU
		{F4AB8983-E31A-417A-A942-0EF1425918DA}.Debug|Any CPU.ActiveCfg = Debug|Any CPU
		{F4AB8983-E31A-417A-A942-0EF1425918DA}.Debug|Any CPU.Build.0 = Debug|Any CPU
		{F4AB8983-E31A-417A-A942-0EF1425918DA}.Release|Any CPU.ActiveCfg = Release|Any CPU
		{F4AB8983-E31A-417A-A942-0EF1425918DA}.Release|Any CPU.Build.0 = Release|Any CPU
		{873B4EDD-0232-47E8-804D-F920C0C29273}.Debug|Any CPU.ActiveCfg = Debug|Any CPU
		{873B4EDD-0232-47E8-804D-F920C0C29273}.Debug|Any CPU.Build.0 = Debug|Any CPU
		{873B4EDD-0232-47E8-804D-F920C0C29273}.Release|Any CPU.ActiveCfg = Release|Any CPU
		{873B4EDD-0232-47E8-804D-F920C0C29273}.Release|Any CPU.Build.0 = Release|Any CPU
		{252C3FBB-9EF7-4E85-BEE7-A72A14D08505}.Debug|Any CPU.ActiveCfg = Debug|Any CPU
		{252C3FBB-9EF7-4E85-BEE7-A72A14D08505}.Debug|Any CPU.Build.0 = Debug|Any CPU
		{252C3FBB-9EF7-4E85-BEE7-A72A14D08505}.Release|Any CPU.ActiveCfg = Release|Any CPU
		{252C3FBB-9EF7-4E85-BEE7-A72A14D08505}.Release|Any CPU.Build.0 = Release|Any CPU
		{358072B0-8E05-4B88-8118-DB6A58A1E806}.Debug|Any CPU.ActiveCfg = Debug|Any CPU
		{358072B0-8E05-4B88-8118-DB6A58A1E806}.Debug|Any CPU.Build.0 = Debug|Any CPU
		{358072B0-8E05-4B88-8118-DB6A58A1E806}.Release|Any CPU.ActiveCfg = Release|Any CPU
		{358072B0-8E05-4B88-8118-DB6A58A1E806}.Release|Any CPU.Build.0 = Release|Any CPU
		{1402D831-899E-4DFE-A737-B2CC230ADBB5}.Debug|Any CPU.ActiveCfg = Debug|Any CPU
		{1402D831-899E-4DFE-A737-B2CC230ADBB5}.Debug|Any CPU.Build.0 = Debug|Any CPU
		{1402D831-899E-4DFE-A737-B2CC230ADBB5}.Release|Any CPU.ActiveCfg = Release|Any CPU
		{1402D831-899E-4DFE-A737-B2CC230ADBB5}.Release|Any CPU.Build.0 = Release|Any CPU
		{0E5080AC-3745-4BF3-8A71-36162468D0BC}.Debug|Any CPU.ActiveCfg = Debug|Any CPU
		{0E5080AC-3745-4BF3-8A71-36162468D0BC}.Debug|Any CPU.Build.0 = Debug|Any CPU
		{0E5080AC-3745-4BF3-8A71-36162468D0BC}.Release|Any CPU.ActiveCfg = Release|Any CPU
		{0E5080AC-3745-4BF3-8A71-36162468D0BC}.Release|Any CPU.Build.0 = Release|Any CPU
		{9B269B98-7FBA-4472-8FBD-E89C2435B2F4}.Debug|Any CPU.ActiveCfg = Debug|Any CPU
		{9B269B98-7FBA-4472-8FBD-E89C2435B2F4}.Debug|Any CPU.Build.0 = Debug|Any CPU
		{9B269B98-7FBA-4472-8FBD-E89C2435B2F4}.Release|Any CPU.ActiveCfg = Release|Any CPU
		{9B269B98-7FBA-4472-8FBD-E89C2435B2F4}.Release|Any CPU.Build.0 = Release|Any CPU
	EndGlobalSection
	GlobalSection(SolutionProperties) = preSolution
		HideSolutionNode = FALSE
	EndGlobalSection
	GlobalSection(NestedProjects) = preSolution
		{EB6D7406-00E0-4E20-A9A2-CE65A2BFEA82} = {36D591C7-65C7-A0D1-1CBC-10CDE441BDC8}
		{753A5BBF-7BDB-441F-874A-7CFF9A2A00A1} = {36D591C7-65C7-A0D1-1CBC-10CDE441BDC8}
		{3F45E27B-D764-4B68-B6FA-8427066A6088} = {36D591C7-65C7-A0D1-1CBC-10CDE441BDC8}
		{ED708D96-E7F1-4B59-932F-D906850DC053} = {224C79DC-1B5B-41AA-B8D3-0042626C16F5}
		{5BAF1806-F171-4D90-AB9F-17131B5FE0E9} = {224C79DC-1B5B-41AA-B8D3-0042626C16F5}
		{390951D0-EEC8-4111-9406-8BCD8146AE6E} = {224C79DC-1B5B-41AA-B8D3-0042626C16F5}
		{FEC2BDDB-822A-4145-957E-68CEA4FFF599} = {0E32A76D-5D1D-4DE1-B458-0043DEF81622}
		{EBE76833-85C1-4212-AE79-C227EBDB8377} = {0E32A76D-5D1D-4DE1-B458-0043DEF81622}
		{5A93BE35-6F58-46D9-AC51-397C83301BFD} = {0E32A76D-5D1D-4DE1-B458-0043DEF81622}
		{267A4FB7-88D4-414A-B839-77DF185BDA6B} = {1BE8B7CE-355F-458C-993D-59E88E3EF621}
		{0AD285A1-933E-4D8B-830F-13EC13AAEAD6} = {1BE8B7CE-355F-458C-993D-59E88E3EF621}
		{62A656FF-CCA2-45F4-B3C7-E6F5A57E938A} = {1BE8B7CE-355F-458C-993D-59E88E3EF621}
		{C3B16F56-3358-4873-A66D-142984C123A3} = {F3FAE9D2-E598-4CA5-8643-C88FF41E38A9}
		{DFECE4F8-FAEB-4FD8-AE17-C01009D302B1} = {F3FAE9D2-E598-4CA5-8643-C88FF41E38A9}
		{F4AB8983-E31A-417A-A942-0EF1425918DA} = {F3FAE9D2-E598-4CA5-8643-C88FF41E38A9}
		{873B4EDD-0232-47E8-804D-F920C0C29273} = {54003100-D248-4DA6-AEDF-6AB4A8BD1B9C}
		{252C3FBB-9EF7-4E85-BEE7-A72A14D08505} = {54003100-D248-4DA6-AEDF-6AB4A8BD1B9C}
		{358072B0-8E05-4B88-8118-DB6A58A1E806} = {54003100-D248-4DA6-AEDF-6AB4A8BD1B9C}
		{1402D831-899E-4DFE-A737-B2CC230ADBB5} = {174E57BB-A1C0-4B94-B601-2BB8649751A6}
		{0E5080AC-3745-4BF3-8A71-36162468D0BC} = {174E57BB-A1C0-4B94-B601-2BB8649751A6}
		{9B269B98-7FBA-4472-8FBD-E89C2435B2F4} = {174E57BB-A1C0-4B94-B601-2BB8649751A6}
	EndGlobalSection
	GlobalSection(ExtensibilityGlobals) = postSolution
		SolutionGuid = {6FB429D3-9D7F-43FF-8A89-FF6BA90642C5}
	EndGlobalSection
EndGlobal
